
Microsoft Visual Studio Solution File, Format Version 12.00
# Visual Studio Version 17
VisualStudioVersion = 17.10.35013.160
MinimumVisualStudioVersion = 10.0.40219.1
Project("{FAE04EC0-301F-11D3-BF4B-00C04F79EFBC}") = "WT_LAB_4", "WT_LAB_4\WT_LAB_4.csproj", "{488126DB-7FE5-45C7-83F9-63C369F2E54C}"
EndProject
Global
	GlobalSection(SolutionConfigurationPlatforms) = preSolution
		Debug|Any CPU = Debug|Any CPU
		Release|Any CPU = Release|Any CPU
	EndGlobalSection
	GlobalSection(ProjectConfigurationPlatforms) = postSolution
		{488126DB-7FE5-45C7-83F9-63C369F2E54C}.Debug|Any CPU.ActiveCfg = Debug|Any CPU
		{488126DB-7FE5-45C7-83F9-63C369F2E54C}.Debug|Any CPU.Build.0 = Debug|Any CPU
		{488126DB-7FE5-45C7-83F9-63C369F2E54C}.Release|Any CPU.ActiveCfg = Release|Any CPU
		{488126DB-7FE5-45C7-83F9-63C369F2E54C}.Release|Any CPU.Build.0 = Release|Any CPU
	EndGlobalSection
	GlobalSection(SolutionProperties) = preSolution
		HideSolutionNode = FALSE
	EndGlobalSection
	GlobalSection(ExtensibilityGlobals) = postSolution
		SolutionGuid = {96D55D34-BC2D-4AC6-8A00-D213FE6C9614}
	EndGlobalSection
EndGlobal
